{
  "name": "hello-world",
  "version": "1.2.0",
  "lockfileVersion": 1,
  "requires": true,
  "dependencies": {
    "@babel/runtime-corejs3": {
      "version": "7.16.8",
      "resolved": "https://registry.npmjs.org/@babel/runtime-corejs3/-/runtime-corejs3-7.16.8.tgz",
      "integrity": "sha512-3fKhuICS1lMz0plI5ktOE/yEtBRMVxplzRkdn6mJQ197XiY0JnrzYV0+Mxozq3JZ8SBV9Ecurmw1XsGbwOf+Sg==",
      "requires": {
        "core-js-pure": "^3.20.2",
        "regenerator-runtime": "^0.13.4"
      }
    },
    "@yext/answers-core": {
      "version": "1.5.0",
      "resolved": "https://registry.npmjs.org/@yext/answers-core/-/answers-core-1.5.0.tgz",
      "integrity": "sha512-Z5xj7dwE6U0ItUV859va5x3FQ9p3tdLIyt2QfkYnFIAhsrTn9zCo95wUWBypO8ERpOW7buNTlavVZovW1pmqJQ==",
      "requires": {
        "@babel/runtime-corejs3": "^7.12.5",
        "cross-fetch": "^3.1.4"
      }
    },
    "core-js-pure": {
      "version": "3.20.3",
      "resolved": "https://registry.npmjs.org/core-js-pure/-/core-js-pure-3.20.3.tgz",
      "integrity": "sha512-Q2H6tQ5MtPtcC7f3HxJ48i4Q7T9ybPKgvWyuH7JXIoNa2pm0KuBnycsET/qw1SLLZYfbsbrZQNMeIOClb+6WIA=="
    },
    "cross-fetch": {
      "version": "3.1.4",
      "resolved": "https://registry.npmjs.org/cross-fetch/-/cross-fetch-3.1.4.tgz",
      "integrity": "sha512-1eAtFWdIubi6T4XPy6ei9iUFoKpUkIF971QLN8lIvvvwueI65+Nw5haMNKUwfJxabqlIIDODJKGrQ66gxC0PbQ==",
      "requires": {
        "node-fetch": "2.6.1"
      }
    },
    "node-fetch": {
      "version": "2.6.1",
      "resolved": "https://registry.npmjs.org/node-fetch/-/node-fetch-2.6.1.tgz",
      "integrity": "sha512-V4aYg89jEoVRxRb2fJdAg8FHvI7cEyYdVAh94HH0UIK8oJxUfkjlDQN9RbMx+bEjP7+ggMiFRprSti032Oipxw=="
    },
    "regenerator-runtime": {
      "version": "0.13.9",
      "resolved": "https://registry.npmjs.org/regenerator-runtime/-/regenerator-runtime-0.13.9.tgz",
      "integrity": "sha512-p3VT+cOEgxFsRRA9X4lkI1E+k2/CtnKtU4gcxyaCUreilL/vqI6CdZ3wxVUx3UOUg+gnUOQQcRI7BmSI656MYA=="
    }
  }
}
